// !$*UTF8*$!
{
	archiveVersion = 1;
	classes = {
	};
	objectVersion = 46;
	objects = {

/* Begin PBXBuildFile section */
		CE41AB8B1D09A7DD00DA7F91 /* AppDelegate.swift in Sources */ = {isa = PBXBuildFile; fileRef = CE41AB8A1D09A7DD00DA7F91 /* AppDelegate.swift */; };
		CE41AB8D1D09A7DD00DA7F91 /* ViewController.swift in Sources */ = {isa = PBXBuildFile; fileRef = CE41AB8C1D09A7DD00DA7F91 /* ViewController.swift */; };
		CE41AB901D09A7DD00DA7F91 /* Main.storyboard in Resources */ = {isa = PBXBuildFile; fileRef = CE41AB8E1D09A7DD00DA7F91 /* Main.storyboard */; };
		CE41AB921D09A7DE00DA7F91 /* Assets.xcassets in Resources */ = {isa = PBXBuildFile; fileRef = CE41AB911D09A7DE00DA7F91 /* Assets.xcassets */; };
		CE41AB951D09A7DE00DA7F91 /* LaunchScreen.storyboard in Resources */ = {isa = PBXBuildFile; fileRef = CE41AB931D09A7DE00DA7F91 /* LaunchScreen.storyboard */; };
		CE41ABA01D09A7DE00DA7F91 /* PokeApiAdminTests.swift in Sources */ = {isa = PBXBuildFile; fileRef = CE41AB9F1D09A7DE00DA7F91 /* PokeApiAdminTests.swift */; };
		CEFEB3831D12CC4600A7B3B9 /* LoginViewController.swift in Sources */ = {isa = PBXBuildFile; fileRef = CEFEB3821D12CC4600A7B3B9 /* LoginViewController.swift */; };
		CEFEB3851D19876200A7B3B9 /* PokeApi.swift in Sources */ = {isa = PBXBuildFile; fileRef = CEFEB3841D19876200A7B3B9 /* PokeApi.swift */; };
		CEFEB3871D1D5E6000A7B3B9 /* AlertMessage.swift in Sources */ = {isa = PBXBuildFile; fileRef = CEFEB3861D1D5E6000A7B3B9 /* AlertMessage.swift */; };
/* End PBXBuildFile section */

/* Begin PBXContainerItemProxy section */
		CE41AB9C1D09A7DE00DA7F91 /* PBXContainerItemProxy */ = {
			isa = PBXContainerItemProxy;
			containerPortal = CE41AB7F1D09A7DD00DA7F91 /* Project object */;
			proxyType = 1;
			remoteGlobalIDString = CE41AB861D09A7DD00DA7F91;
			remoteInfo = PokeApiAdmin;
		};
/* End PBXContainerItemProxy section */

/* Begin PBXFileReference section */
		CE41AB871D09A7DD00DA7F91 /* PokeApiAdmin.app */ = {isa = PBXFileReference; explicitFileType = wrapper.application; includeInIndex = 0; path = PokeApiAdmin.app; sourceTree = BUILT_PRODUCTS_DIR; };
		CE41AB8A1D09A7DD00DA7F91 /* AppDelegate.swift */ = {isa = PBXFileReference; lastKnownFileType = sourcecode.swift; path = AppDelegate.swift; sourceTree = "<group>"; };
		CE41AB8C1D09A7DD00DA7F91 /* ViewController.swift */ = {isa = PBXFileReference; lastKnownFileType = sourcecode.swift; path = ViewController.swift; sourceTree = "<group>"; };
		CE41AB8F1D09A7DD00DA7F91 /* Base */ = {isa = PBXFileReference; lastKnownFileType = file.storyboard; name = Base; path = Base.lproj/Main.storyboard; sourceTree = "<group>"; };
		CE41AB911D09A7DE00DA7F91 /* Assets.xcassets */ = {isa = PBXFileReference; lastKnownFileType = folder.assetcatalog; path = Assets.xcassets; sourceTree = "<group>"; };
		CE41AB941D09A7DE00DA7F91 /* Base */ = {isa = PBXFileReference; lastKnownFileType = file.storyboard; name = Base; path = Base.lproj/LaunchScreen.storyboard; sourceTree = "<group>"; };
		CE41AB961D09A7DE00DA7F91 /* Info.plist */ = {isa = PBXFileReference; lastKnownFileType = text.plist.xml; path = Info.plist; sourceTree = "<group>"; };
		CE41AB9B1D09A7DE00DA7F91 /* PokeApiAdminTests.xctest */ = {isa = PBXFileReference; explicitFileType = wrapper.cfbundle; includeInIndex = 0; path = PokeApiAdminTests.xctest; sourceTree = BUILT_PRODUCTS_DIR; };
		CE41AB9F1D09A7DE00DA7F91 /* PokeApiAdminTests.swift */ = {isa = PBXFileReference; lastKnownFileType = sourcecode.swift; path = PokeApiAdminTests.swift; sourceTree = "<group>"; };
		CE41ABA11D09A7DE00DA7F91 /* Info.plist */ = {isa = PBXFileReference; lastKnownFileType = text.plist.xml; path = Info.plist; sourceTree = "<group>"; };
		CEFEB3821D12CC4600A7B3B9 /* LoginViewController.swift */ = {isa = PBXFileReference; fileEncoding = 4; lastKnownFileType = sourcecode.swift; path = LoginViewController.swift; sourceTree = "<group>"; };
		CEFEB3841D19876200A7B3B9 /* PokeApi.swift */ = {isa = PBXFileReference; fileEncoding = 4; lastKnownFileType = sourcecode.swift; path = PokeApi.swift; sourceTree = "<group>"; };
		CEFEB3861D1D5E6000A7B3B9 /* AlertMessage.swift */ = {isa = PBXFileReference; fileEncoding = 4; lastKnownFileType = sourcecode.swift; path = AlertMessage.swift; sourceTree = "<group>"; };
/* End PBXFileReference section */

/* Begin PBXFrameworksBuildPhase section */
		CE41AB841D09A7DD00DA7F91 /* Frameworks */ = {
			isa = PBXFrameworksBuildPhase;
			buildActionMask = 2147483647;
			files = (
			);
			runOnlyForDeploymentPostprocessing = 0;
		};
		CE41AB981D09A7DE00DA7F91 /* Frameworks */ = {
			isa = PBXFrameworksBuildPhase;
			buildActionMask = 2147483647;
			files = (
			);
			runOnlyForDeploymentPostprocessing = 0;
		};
/* End PBXFrameworksBuildPhase section */

/* Begin PBXGroup section */
		CE41AB7E1D09A7DD00DA7F91 = {
			isa = PBXGroup;
			children = (
				CE41AB891D09A7DD00DA7F91 /* PokeApiAdmin */,
				CE41AB9E1D09A7DE00DA7F91 /* PokeApiAdminTests */,
				CE41AB881D09A7DD00DA7F91 /* Products */,
			);
			sourceTree = "<group>";
		};
		CE41AB881D09A7DD00DA7F91 /* Products */ = {
			isa = PBXGroup;
			children = (
				CE41AB871D09A7DD00DA7F91 /* PokeApiAdmin.app */,
				CE41AB9B1D09A7DE00DA7F91 /* PokeApiAdminTests.xctest */,
			);
			name = Products;
			sourceTree = "<group>";
		};
		CE41AB891D09A7DD00DA7F91 /* PokeApiAdmin */ = {
			isa = PBXGroup;
			children = (
				CE41AB8A1D09A7DD00DA7F91 /* AppDelegate.swift */,
				CE41AB8C1D09A7DD00DA7F91 /* ViewController.swift */,
				CE41AB8E1D09A7DD00DA7F91 /* Main.storyboard */,
				CE41AB911D09A7DE00DA7F91 /* Assets.xcassets */,
				CE41AB931D09A7DE00DA7F91 /* LaunchScreen.storyboard */,
				CE41AB961D09A7DE00DA7F91 /* Info.plist */,
				CEFEB3821D12CC4600A7B3B9 /* LoginViewController.swift */,
				CEFEB3841D19876200A7B3B9 /* PokeApi.swift */,
				CEFEB3861D1D5E6000A7B3B9 /* AlertMessage.swift */,
			);
			path = PokeApiAdmin;
			sourceTree = "<group>";
		};
		CE41AB9E1D09A7DE00DA7F91 /* PokeApiAdminTests */ = {
			isa = PBXGroup;
			children = (
				CE41AB9F1D09A7DE00DA7F91 /* PokeApiAdminTests.swift */,
				CE41ABA11D09A7DE00DA7F91 /* Info.plist */,
			);
			path = PokeApiAdminTests;
			sourceTree = "<group>";
		};
/* End PBXGroup section */

/* Begin PBXNativeTarget section */
		CE41AB861D09A7DD00DA7F91 /* PokeApiAdmin */ = {
			isa = PBXNativeTarget;
			buildConfigurationList = CE41ABA41D09A7DE00DA7F91 /* Build configuration list for PBXNativeTarget "PokeApiAdmin" */;
			buildPhases = (
				CE41AB831D09A7DD00DA7F91 /* Sources */,
				CE41AB841D09A7DD00DA7F91 /* Frameworks */,
				CE41AB851D09A7DD00DA7F91 /* Resources */,
			);
			buildRules = (
			);
			dependencies = (
			);
			name = PokeApiAdmin;
			productName = PokeApiAdmin;
			productReference = CE41AB871D09A7DD00DA7F91 /* PokeApiAdmin.app */;
			productType = "com.apple.product-type.application";
		};
		CE41AB9A1D09A7DE00DA7F91 /* PokeApiAdminTests */ = {
			isa = PBXNativeTarget;
			buildConfigurationList = CE41ABA71D09A7DE00DA7F91 /* Build configuration list for PBXNativeTarget "PokeApiAdminTests" */;
			buildPhases = (
				CE41AB971D09A7DE00DA7F91 /* Sources */,
				CE41AB981D09A7DE00DA7F91 /* Frameworks */,
				CE41AB991D09A7DE00DA7F91 /* Resources */,
			);
			buildRules = (
			);
			dependencies = (
				CE41AB9D1D09A7DE00DA7F91 /* PBXTargetDependency */,
			);
			name = PokeApiAdminTests;
			productName = PokeApiAdminTests;
			productReference = CE41AB9B1D09A7DE00DA7F91 /* PokeApiAdminTests.xctest */;
			productType = "com.apple.product-type.bundle.unit-test";
		};
/* End PBXNativeTarget section */

/* Begin PBXProject section */
		CE41AB7F1D09A7DD00DA7F91 /* Project object */ = {
			isa = PBXProject;
			attributes = {
				LastSwiftUpdateCheck = 0730;
				LastUpgradeCheck = 0730;
				ORGANIZATIONNAME = Sagar;
				TargetAttributes = {
					CE41AB861D09A7DD00DA7F91 = {
						CreatedOnToolsVersion = 7.3.1;
					};
					CE41AB9A1D09A7DE00DA7F91 = {
						CreatedOnToolsVersion = 7.3.1;
						TestTargetID = CE41AB861D09A7DD00DA7F91;
					};
				};
			};
			buildConfigurationList = CE41AB821D09A7DD00DA7F91 /* Build configuration list for PBXProject "PokeApiAdmin" */;
			compatibilityVersion = "Xcode 3.2";
			developmentRegion = English;
			hasScannedForEncodings = 0;
			knownRegions = (
				en,
				Base,
			);
			mainGroup = CE41AB7E1D09A7DD00DA7F91;
			productRefGroup = CE41AB881D09A7DD00DA7F91 /* Products */;
			projectDirPath = "";
			projectRoot = "";
			targets = (
				CE41AB861D09A7DD00DA7F91 /* PokeApiAdmin */,
				CE41AB9A1D09A7DE00DA7F91 /* PokeApiAdminTests */,
			);
		};
/* End PBXProject section */

/* Begin PBXResourcesBuildPhase section */
		CE41AB851D09A7DD00DA7F91 /* Resources */ = {
			isa = PBXResourcesBuildPhase;
			buildActionMask = 2147483647;
			files = (
				CE41AB951D09A7DE00DA7F91 /* LaunchScreen.storyboard in Resources */,
				CE41AB921D09A7DE00DA7F91 /* Assets.xcassets in Resources */,
				CE41AB901D09A7DD00DA7F91 /* Main.storyboard in Resources */,
			);
			runOnlyForDeploymentPostprocessing = 0;
		};
		CE41AB991D09A7DE00DA7F91 /* Resources */ = {
			isa = PBXResourcesBuildPhase;
			buildActionMask = 2147483647;
			files = (
			);
			runOnlyForDeploymentPostprocessing = 0;
		};
/* End PBXResourcesBuildPhase section */

/* Begin PBXSourcesBuildPhase section */
		CE41AB831D09A7DD00DA7F91 /* Sources */ = {
			isa = PBXSourcesBuildPhase;
			buildActionMask = 2147483647;
			files = (
				CEFEB3851D19876200A7B3B9 /* PokeApi.swift in Sources */,
				CEFEB3871D1D5E6000A7B3B9 /* AlertMessage.swift in Sources */,
				CE41AB8D1D09A7DD00DA7F91 /* ViewController.swift in Sources */,
				CE41AB8B1D09A7DD00DA7F91 /* AppDelegate.swift in Sources */,
				CEFEB3831D12CC4600A7B3B9 /* LoginViewController.swift in Sources */,
			);
			runOnlyForDeploymentPostprocessing = 0;
		};
		CE41AB971D09A7DE00DA7F91 /* Sources */ = {
			isa = PBXSourcesBuildPhase;
			buildActionMask = 2147483647;
			files = (
				CE41ABA01D09A7DE00DA7F91 /* PokeApiAdminTests.swift in Sources */,
			);
			runOnlyForDeploymentPostprocessing = 0;
		};
/* End PBXSourcesBuildPhase section */

/* Begin PBXTargetDependency section */
		CE41AB9D1D09A7DE00DA7F91 /* PBXTargetDependency */ = {
			isa = PBXTargetDependency;
			target = CE41AB861D09A7DD00DA7F91 /* PokeApiAdmin */;
			targetProxy = CE41AB9C1D09A7DE00DA7F91 /* PBXContainerItemProxy */;
		};
/* End PBXTargetDependency section */

/* Begin PBXVariantGroup section */
		CE41AB8E1D09A7DD00DA7F91 /* Main.storyboard */ = {
			isa = PBXVariantGroup;
			children = (
				CE41AB8F1D09A7DD00DA7F91 /* Base */,
			);
			name = Main.storyboard;
			sourceTree = "<group>";
		};
		CE41AB931D09A7DE00DA7F91 /* LaunchScreen.storyboard */ = {
			isa = PBXVariantGroup;
			children = (
				CE41AB941D09A7DE00DA7F91 /* Base */,
			);
			name = LaunchScreen.storyboard;
			sourceTree = "<group>";
		};
/* End PBXVariantGroup section */

/* Begin XCBuildConfiguration section */
		CE41ABA21D09A7DE00DA7F91 /* Debug */ = {
			isa = XCBuildConfiguration;
			buildSettings = {
				ALWAYS_SEARCH_USER_PATHS = NO;
				CLANG_ANALYZER_NONNULL = YES;
				CLANG_CXX_LANGUAGE_STANDARD = "gnu++0x";
				CLANG_CXX_LIBRARY = "libc++";
				CLANG_ENABLE_MODULES = YES;
				CLANG_ENABLE_OBJC_ARC = YES;
				CLANG_WARN_BOOL_CONVERSION = YES;
				CLANG_WARN_CONSTANT_CONVERSION = YES;
				CLANG_WARN_DIRECT_OBJC_ISA_USAGE = YES_ERROR;
				CLANG_WARN_EMPTY_BODY = YES;
				CLANG_WARN_ENUM_CONVERSION = YES;
				CLANG_WARN_INT_CONVERSION = YES;
				CLANG_WARN_OBJC_ROOT_CLASS = YES_ERROR;
				CLANG_WARN_UNREACHABLE_CODE = YES;
				CLANG_WARN__DUPLICATE_METHOD_MATCH = YES;
				"CODE_SIGN_IDENTITY[sdk=iphoneos*]" = "iPhone Developer";
				COPY_PHASE_STRIP = NO;
				DEBUG_INFORMATION_FORMAT = dwarf;
				ENABLE_STRICT_OBJC_MSGSEND = YES;
				ENABLE_TESTABILITY = YES;
				GCC_C_LANGUAGE_STANDARD = gnu99;
				GCC_DYNAMIC_NO_PIC = NO;
				GCC_NO_COMMON_BLOCKS = YES;
				GCC_OPTIMIZATION_LEVEL = 0;
				GCC_PREPROCESSOR_DEFINITIONS = (
					"DEBUG=1",
					"$(inherited)",
				);
				GCC_WARN_64_TO_32_BIT_CONVERSION = YES;
				GCC_WARN_ABOUT_RETURN_TYPE = YES_ERROR;
				GCC_WARN_UNDECLARED_SELECTOR = YES;
				GCC_WARN_UNINITIALIZED_AUTOS = YES_AGGRESSIVE;
				GCC_WARN_UNUSED_FUNCTION = YES;
				GCC_WARN_UNUSED_VARIABLE = YES;
				IPHONEOS_DEPLOYMENT_TARGET = 9.3;
				MTL_ENABLE_DEBUG_INFO = YES;
				ONLY_ACTIVE_ARCH = YES;
				SDKROOT = iphoneos;
				SWIFT_OPTIMIZATION_LEVEL = "-Onone";
				TARGETED_DEVICE_FAMILY = "1,2";
			};
			name = Debug;
		};
		CE41ABA31D09A7DE00DA7F91 /* Release */ = {
			isa = XCBuildConfiguration;
			buildSettings = {
				ALWAYS_SEARCH_USER_PATHS = NO;
				CLANG_ANALYZER_NONNULL = YES;
				CLANG_CXX_LANGUAGE_STANDARD = "gnu++0x";
				CLANG_CXX_LIBRARY = "libc++";
				CLANG_ENABLE_MODULES = YES;
				CLANG_ENABLE_OBJC_ARC = YES;
				CLANG_WARN_BOOL_CONVERSION = YES;
				CLANG_WARN_CONSTANT_CONVERSION = YES;
				CLANG_WARN_DIRECT_OBJC_ISA_USAGE = YES_ERROR;
				CLANG_WARN_EMPTY_BODY = YES;
				CLANG_WARN_ENUM_CONVERSION = YES;
				CLANG_WARN_INT_CONVERSION = YES;
				CLANG_WARN_OBJC_ROOT_CLASS = YES_ERROR;
				CLANG_WARN_UNREACHABLE_CODE = YES;
				CLANG_WARN__DUPLICATE_METHOD_MATCH = YES;
				"CODE_SIGN_IDENTITY[sdk=iphoneos*]" = "iPhone Developer";
				COPY_PHASE_STRIP = NO;
				DEBUG_INFORMATION_FORMAT = "dwarf-with-dsym";
				ENABLE_NS_ASSERTIONS = NO;
				ENABLE_STRICT_OBJC_MSGSEND = YES;
				GCC_C_LANGUAGE_STANDARD = gnu99;
				GCC_NO_COMMON_BLOCKS = YES;
				GCC_WARN_64_TO_32_BIT_CONVERSION = YES;
				GCC_WARN_ABOUT_RETURN_TYPE = YES_ERROR;
				GCC_WARN_UNDECLARED_SELECTOR = YES;
				GCC_WARN_UNINITIALIZED_AUTOS = YES_AGGRESSIVE;
				GCC_WARN_UNUSED_FUNCTION = YES;
				GCC_WARN_UNUSED_VARIABLE = YES;
				IPHONEOS_DEPLOYMENT_TARGET = 9.3;
				MTL_ENABLE_DEBUG_INFO = NO;
				SDKROOT = iphoneos;
				TARGETED_DEVICE_FAMILY = "1,2";
				VALIDATE_PRODUCT = YES;
			};
			name = Release;
		};
		CE41ABA51D09A7DE00DA7F91 /* Debug */ = {
			isa = XCBuildConfiguration;
			buildSettings = {
				ASSETCATALOG_COMPILER_APPICON_NAME = AppIcon;
				INFOPLIST_FILE = PokeApiAdmin/Info.plist;
				LD_RUNPATH_SEARCH_PATHS = "$(inherited) @executable_path/Frameworks";
				PRODUCT_BUNDLE_IDENTIFIER = com.SagarGangabisoensingh.PokeApiAdmin;
				PRODUCT_NAME = "$(TARGET_NAME)";
			};
			name = Debug;
		};
		CE41ABA61D09A7DE00DA7F91 /* Release */ = {
			isa = XCBuildConfiguration;
			buildSettings = {
				ASSETCATALOG_COMPILER_APPICON_NAME = AppIcon;
				INFOPLIST_FILE = PokeApiAdmin/Info.plist;
				LD_RUNPATH_SEARCH_PATHS = "$(inherited) @executable_path/Frameworks";
				PRODUCT_BUNDLE_IDENTIFIER = com.SagarGangabisoensingh.PokeApiAdmin;
				PRODUCT_NAME = "$(TARGET_NAME)";
			};
			name = Release;
		};
		CE41ABA81D09A7DE00DA7F91 /* Debug */ = {
			isa = XCBuildConfiguration;
			buildSettings = {
				BUNDLE_LOADER = "$(TEST_HOST)";
				INFOPLIST_FILE = PokeApiAdminTests/Info.plist;
				LD_RUNPATH_SEARCH_PATHS = "$(inherited) @executable_path/Frameworks @loader_path/Frameworks";
				PRODUCT_BUNDLE_IDENTIFIER = com.SagarGangabisoensingh.PokeApiAdminTests;
				PRODUCT_NAME = "$(TARGET_NAME)";
				TEST_HOST = "$(BUILT_PRODUCTS_DIR)/PokeApiAdmin.app/PokeApiAdmin";
			};
			name = Debug;
		};
		CE41ABA91D09A7DE00DA7F91 /* Release */ = {
			isa = XCBuildConfiguration;
			buildSettings = {
				BUNDLE_LOADER = "$(TEST_HOST)";
				INFOPLIST_FILE = PokeApiAdminTests/Info.plist;
				LD_RUNPATH_SEARCH_PATHS = "$(inherited) @executable_path/Frameworks @loader_path/Frameworks";
				PRODUCT_BUNDLE_IDENTIFIER = com.SagarGangabisoensingh.PokeApiAdminTests;
				PRODUCT_NAME = "$(TARGET_NAME)";
				TEST_HOST = "$(BUILT_PRODUCTS_DIR)/PokeApiAdmin.app/PokeApiAdmin";
			};
			name = Release;
		};
/* End XCBuildConfiguration section */

/* Begin XCConfigurationList section */
		CE41AB821D09A7DD00DA7F91 /* Build configuration list for PBXProject "PokeApiAdmin" */ = {
			isa = XCConfigurationList;
			buildConfigurations = (
				CE41ABA21D09A7DE00DA7F91 /* Debug */,
				CE41ABA31D09A7DE00DA7F91 /* Release */,
			);
			defaultConfigurationIsVisible = 0;
			defaultConfigurationName = Release;
		};
		CE41ABA41D09A7DE00DA7F91 /* Build configuration list for PBXNativeTarget "PokeApiAdmin" */ = {
			isa = XCConfigurationList;
			buildConfigurations = (
				CE41ABA51D09A7DE00DA7F91 /* Debug */,
				CE41ABA61D09A7DE00DA7F91 /* Release */,
			);
			defaultConfigurationIsVisible = 0;
			defaultConfigurationName = Release;
		};
		CE41ABA71D09A7DE00DA7F91 /* Build configuration list for PBXNativeTarget "PokeApiAdminTests" */ = {
			isa = XCConfigurationList;
			buildConfigurations = (
				CE41ABA81D09A7DE00DA7F91 /* Debug */,
				CE41ABA91D09A7DE00DA7F91 /* Release */,
			);
			defaultConfigurationIsVisible = 0;
			defaultConfigurationName = Release;
		};
/* End XCConfigurationList section */
	};
	rootObject = CE41AB7F1D09A7DD00DA7F91 /* Project object */;
}
